[[package]]
category = "dev"
description = "A small Python module for determining appropriate platform-specific dirs, e.g. a \"user data dir\"."
name = "appdirs"
optional = false
python-versions = "*"
version = "1.4.3"

[[package]]
category = "dev"
description = "An abstract syntax tree for Python with inference support."
name = "astroid"
optional = false
python-versions = ">=3.4.*"
version = "2.2.5"

[package.dependencies]
lazy-object-proxy = "*"
six = "*"
typed-ast = ">=1.3.0"
wrapt = "*"

[[package]]
category = "dev"
description = "Classes Without Boilerplate"
name = "attrs"
optional = false
python-versions = ">=2.7, !=3.0.*, !=3.1.*, !=3.2.*, !=3.3.*"
version = "19.1.0"

[[package]]
category = "dev"
description = "The uncompromising code formatter."
name = "black"
optional = false
python-versions = ">=3.6"
version = "18.9b0"

[package.dependencies]
appdirs = "*"
attrs = ">=17.4.0"
click = ">=6.5"
toml = ">=0.9.4"

[[package]]
category = "main"
description = "Python package for providing Mozilla's CA Bundle."
name = "certifi"
optional = false
python-versions = "*"
version = "2019.3.9"

[[package]]
category = "main"
description = "Universal encoding detector for Python 2 and 3"
name = "chardet"
optional = false
python-versions = "*"
version = "3.0.4"

[[package]]
category = "dev"
description = "Composable command line interface toolkit"
name = "click"
optional = false
python-versions = ">=2.7, !=3.0.*, !=3.1.*, !=3.2.*, !=3.3.*"
version = "7.0"

[[package]]
category = "dev"
description = "Cross-platform colored terminal text."
marker = "sys_platform == \"win32\""
name = "colorama"
optional = false
python-versions = ">=2.7, !=3.0.*, !=3.1.*, !=3.2.*, !=3.3.*"
version = "0.4.1"

[[package]]
category = "main"
description = "Composable style cycles"
name = "cycler"
optional = false
python-versions = "*"
version = "0.10.0"

[package.dependencies]
six = "*"

[[package]]
category = "main"
description = "Internationalized Domain Names in Applications (IDNA)"
name = "idna"
optional = false
python-versions = ">=2.7, !=3.0.*, !=3.1.*, !=3.2.*, !=3.3.*"
version = "2.8"

[[package]]
category = "dev"
description = "A Python utility / library to sort Python imports."
name = "isort"
optional = false
python-versions = ">=2.7, !=3.0.*, !=3.1.*, !=3.2.*, !=3.3.*"
version = "4.3.17"

[[package]]
category = "main"
description = "A fast implementation of the Cassowary constraint solver"
name = "kiwisolver"
optional = false
python-versions = "*"
version = "1.0.1"

[package.dependencies]
setuptools = "*"

[[package]]
category = "dev"
description = "A fast and thorough lazy object proxy."
name = "lazy-object-proxy"
optional = false
python-versions = "*"
version = "1.3.1"

[[package]]
category = "main"
description = "Python plotting package"
name = "matplotlib"
optional = false
python-versions = ">=3.5"
version = "3.0.3"

[package.dependencies]
cycler = ">=0.10"
kiwisolver = ">=1.0.1"
numpy = ">=1.10.0"
pyparsing = ">=2.0.1,<2.0.4 || >2.0.4,<2.1.2 || >2.1.2,<2.1.6 || >2.1.6"
python-dateutil = ">=2.1"

[[package]]
category = "dev"
description = "McCabe checker, plugin for flake8"
name = "mccabe"
optional = false
python-versions = "*"
version = "0.6.1"

[[package]]
category = "dev"
description = "Optional static typing for Python (mypyc-compiled version)"
name = "mypy"
optional = false
python-versions = "*"
version = "0.701"

[package.dependencies]
mypy-extensions = ">=0.4.0,<0.5.0"
typed-ast = ">=1.3.1,<1.4.0"

[[package]]
category = "dev"
description = "Experimental type system extensions for programs checked with the mypy typechecker."
name = "mypy-extensions"
optional = false
python-versions = "*"
version = "0.4.1"

[[package]]
category = "main"
description = "NumPy is the fundamental package for array computing with Python."
name = "numpy"
optional = false
python-versions = ">=2.7,!=3.0.*,!=3.1.*,!=3.2.*,!=3.3.*"
version = "1.16.2"

[[package]]
category = "dev"
description = "Python docstring style checker"
name = "pydocstyle"
optional = false
python-versions = "*"
version = "3.0.0"

[package.dependencies]
six = "*"
snowballstemmer = "*"

[[package]]
category = "dev"
description = "python code static checker"
name = "pylint"
optional = false
python-versions = ">=3.4.*"
version = "2.3.1"

[package.dependencies]
astroid = ">=2.2.0,<3"
colorama = "*"
isort = ">=4.2.5,<5"
mccabe = ">=0.6,<0.7"

[[package]]
category = "main"
description = "Python parsing module"
name = "pyparsing"
optional = false
python-versions = ">=2.6, !=3.0.*, !=3.1.*, !=3.2.*"
version = "2.4.0"

[[package]]
category = "main"
description = "Extensions to the standard Python datetime module"
name = "python-dateutil"
optional = false
python-versions = ">=2.7, !=3.0.*, !=3.1.*, !=3.2.*"
version = "2.8.0"

[package.dependencies]
six = ">=1.5"

[[package]]
category = "main"
description = "Python HTTP for Humans."
name = "requests"
optional = false
python-versions = ">=2.7, !=3.0.*, !=3.1.*, !=3.2.*, !=3.3.*"
version = "2.21.0"

[package.dependencies]
certifi = ">=2017.4.17"
chardet = ">=3.0.2,<3.1.0"
idna = ">=2.5,<2.9"
urllib3 = ">=1.21.1,<1.25"

[[package]]
category = "main"
description = "Python 2 and 3 compatibility utilities"
name = "six"
optional = false
python-versions = ">=2.6, !=3.0.*, !=3.1.*"
version = "1.12.0"

[[package]]
category = "dev"
description = "This package provides 16 stemmer algorithms (15 + Poerter English stemmer) generated from Snowball algorithms."
name = "snowballstemmer"
optional = false
python-versions = "*"
version = "1.2.1"

[[package]]
category = "dev"
description = "Python Library for Tom's Obvious, Minimal Language"
name = "toml"
optional = false
python-versions = "*"
version = "0.10.0"

[[package]]
category = "dev"
description = "a fork of Python 2 and 3 ast modules with type comment support"
name = "typed-ast"
optional = false
python-versions = "*"
version = "1.3.4"

[[package]]
category = "main"
description = "HTTP library with thread-safe connection pooling, file post, and more."
name = "urllib3"
optional = false
python-versions = ">=2.7, !=3.0.*, !=3.1.*, !=3.2.*, !=3.3.*, <4"
version = "1.24.2"

[[package]]
category = "dev"
description = "Module for decorators, wrappers and monkey patching."
name = "wrapt"
optional = false
python-versions = "*"
version = "1.11.1"

[metadata]
content-hash = "20aa1d88c931b125608cee9361b48be640780d4b7ce44fd7d8e51c5c98123070"
python-versions = "^3.7"

[metadata.hashes]
appdirs = ["9e5896d1372858f8dd3344faf4e5014d21849c756c8d5701f78f8a103b372d92", "d8b24664561d0d34ddfaec54636d502d7cea6e29c3eaf68f3df6180863e2166e"]
astroid = ["6560e1e1749f68c64a4b5dee4e091fce798d2f0d84ebe638cf0e0585a343acf4", "b65db1bbaac9f9f4d190199bb8680af6f6f84fd3769a5ea883df8a91fe68b4c4"]
attrs = ["69c0dbf2ed392de1cb5ec704444b08a5ef81680a61cb899dc08127123af36a79", "f0b870f674851ecbfbbbd364d6b5cbdff9dcedbc7f3f5e18a6891057f21fe399"]
black = ["817243426042db1d36617910df579a54f1afd659adb96fc5032fcf4b36209739", "e030a9a28f542debc08acceb273f228ac422798e5215ba2a791a6ddeaaca22a5"]
certifi = ["59b7658e26ca9c7339e00f8f4636cdfe59d34fa37b9b04f6f9e9926b3cece1a5", "b26104d6835d1f5e49452a26eb2ff87fe7090b89dfcaee5ea2212697e1e1d7ae"]
chardet = ["84ab92ed1c4d4f16916e05906b6b75a6c0fb5db821cc65e70cbd64a3e2a5eaae", "fc323ffcaeaed0e0a02bf4d117757b98aed530d9ed4531e3e15460124c106691"]
click = ["2335065e6395b9e67ca716de5f7526736bfa6ceead690adf616d925bdc622b13", "5b94b49521f6456670fdb30cd82a4eca9412788a93fa6dd6df72c94d5a8ff2d7"]
colorama = ["05eed71e2e327246ad6b38c540c4a3117230b19679b875190486ddd2d721422d", "f8ac84de7840f5b9c4e3347b3c1eaa50f7e49c2b07596221daec5edaabbd7c48"]
cycler = ["1d8a5ae1ff6c5cf9b93e8811e581232ad8920aeec647c37316ceac982b08cb2d", "cd7b2d1018258d7247a71425e9f26463dfb444d411c39569972f4ce586b0c9d8"]
idna = ["c357b3f628cf53ae2c4c05627ecc484553142ca23264e593d327bcde5e9c3407", "ea8b7f6188e6fa117537c3df7da9fc686d485087abf6ac197f9c46432f7e4a3c"]
isort = ["01cb7e1ca5e6c5b3f235f0385057f70558b70d2f00320208825fa62887292f43", "268067462aed7eb2a1e237fcb287852f22077de3fb07964e87e00f829eea2d1a"]
kiwisolver = ["0ee4ed8b3ae8f5f712b0aa9ebd2858b5b232f1b9a96b0943dceb34df2a223bc3", "0f7f532f3c94e99545a29f4c3f05637f4d2713e7fd91b4dd8abfc18340b86cd5", "1a078f5dd7e99317098f0e0d490257fd0349d79363e8c923d5bb76428f318421", "1aa0b55a0eb1bd3fa82e704f44fb8f16e26702af1a073cc5030eea399e617b56", "2874060b91e131ceeff00574b7c2140749c9355817a4ed498e82a4ffa308ecbc", "379d97783ba8d2934d52221c833407f20ca287b36d949b4bba6c75274bcf6363", "3b791ddf2aefc56382aadc26ea5b352e86a2921e4e85c31c1f770f527eb06ce4", "4329008a167fac233e398e8a600d1b91539dc33c5a3eadee84c0d4b04d4494fa", "45813e0873bbb679334a161b28cb9606d9665e70561fd6caa8863e279b5e464b", "53a5b27e6b5717bdc0125338a822605084054c80f382051fb945d2c0e6899a20", "574f24b9805cb1c72d02b9f7749aa0cc0b81aa82571be5201aa1453190390ae5", "66f82819ff47fa67a11540da96966fb9245504b7f496034f534b81cacf333861", "79e5fe3ccd5144ae80777e12973027bd2f4f5e3ae8eb286cabe787bed9780138", "83410258eb886f3456714eea4d4304db3a1fc8624623fc3f38a487ab36c0f653", "8b6a7b596ce1d2a6d93c3562f1178ebd3b7bb445b3b0dd33b09f9255e312a965", "9576cb63897fbfa69df60f994082c3f4b8e6adb49cccb60efb2a80a208e6f996", "95a25d9f3449046ecbe9065be8f8380c03c56081bc5d41fe0fb964aaa30b2195", "a424f048bebc4476620e77f3e4d1f282920cef9bc376ba16d0b8fe97eec87cde", "aaec1cfd94f4f3e9a25e144d5b0ed1eb8a9596ec36d7318a504d813412563a85", "acb673eecbae089ea3be3dcf75bfe45fc8d4dcdc951e27d8691887963cf421c7", "b15bc8d2c2848a4a7c04f76c9b3dc3561e95d4dabc6b4f24bfabe5fd81a0b14f", "b1c240d565e977d80c0083404c01e4d59c5772c977fae2c483f100567f50847b", "c595693de998461bcd49b8d20568c8870b3209b8ea323b2a7b0ea86d85864694", "ce3be5d520b4d2c3e5eeb4cd2ef62b9b9ab8ac6b6fedbaa0e39cdb6f50644278", "e0f910f84b35c36a3513b96d816e6442ae138862257ae18a0019d2fc67b041dc", "ea36e19ac0a483eea239320aef0bd40702404ff8c7e42179a2d9d36c5afcb55c", "efabbcd4f406b532206b8801058c8bab9e79645b9880329253ae3322b7b02cd5", "f923406e6b32c86309261b8195e24e18b6a8801df0cfc7814ac44017bfcb3939"]
lazy-object-proxy = ["0ce34342b419bd8f018e6666bfef729aec3edf62345a53b537a4dcc115746a33", "1b668120716eb7ee21d8a38815e5eb3bb8211117d9a90b0f8e21722c0758cc39", "209615b0fe4624d79e50220ce3310ca1a9445fd8e6d3572a896e7f9146bbf019", "27bf62cb2b1a2068d443ff7097ee33393f8483b570b475db8ebf7e1cba64f088", "27ea6fd1c02dcc78172a82fc37fcc0992a94e4cecf53cb6d73f11749825bd98b", "2c1b21b44ac9beb0fc848d3993924147ba45c4ebc24be19825e57aabbe74a99e", "2df72ab12046a3496a92476020a1a0abf78b2a7db9ff4dc2036b8dd980203ae6", "320ffd3de9699d3892048baee45ebfbbf9388a7d65d832d7e580243ade426d2b", "50e3b9a464d5d08cc5227413db0d1c4707b6172e4d4d915c1c70e4de0bbff1f5", "5276db7ff62bb7b52f77f1f51ed58850e315154249aceb42e7f4c611f0f847ff", "61a6cf00dcb1a7f0c773ed4acc509cb636af2d6337a08f362413c76b2b47a8dd", "6ae6c4cb59f199d8827c5a07546b2ab7e85d262acaccaacd49b62f53f7c456f7", "7661d401d60d8bf15bb5da39e4dd72f5d764c5aff5a86ef52a042506e3e970ff", "7bd527f36a605c914efca5d3d014170b2cb184723e423d26b1fb2fd9108e264d", "7cb54db3535c8686ea12e9535eb087d32421184eacc6939ef15ef50f83a5e7e2", "7f3a2d740291f7f2c111d86a1c4851b70fb000a6c8883a59660d95ad57b9df35", "81304b7d8e9c824d058087dcb89144842c8e0dea6d281c031f59f0acf66963d4", "933947e8b4fbe617a51528b09851685138b49d511af0b6c0da2539115d6d4514", "94223d7f060301b3a8c09c9b3bc3294b56b2188e7d8179c762a1cda72c979252", "ab3ca49afcb47058393b0122428358d2fbe0408cf99f1b58b295cfeb4ed39109", "bd6292f565ca46dee4e737ebcc20742e3b5be2b01556dafe169f6c65d088875f", "cb924aa3e4a3fb644d0c463cad5bc2572649a6a3f68a7f8e4fbe44aaa6d77e4c", "d0fc7a286feac9077ec52a927fc9fe8fe2fabab95426722be4c953c9a8bede92", "ddc34786490a6e4ec0a855d401034cbd1242ef186c20d79d2166d6a4bd449577", "e34b155e36fa9da7e1b7c738ed7767fc9491a62ec6af70fe9da4a057759edc2d", "e5b9e8f6bda48460b7b143c3821b21b452cb3a835e6bbd5dd33aa0c8d3f5137d", "e81ebf6c5ee9684be8f2c87563880f93eedd56dd2b6146d8a725b50b7e5adb0f", "eb91be369f945f10d3a49f5f9be8b3d0b93a4c2be8f8a5b83b0571b8123e0a7a", "f460d1ceb0e4a5dcb2a652db0904224f367c9b3c1470d5a7683c0480e582468b"]
matplotlib = ["1ae6549976b6ceb6ee426272a28c0fc9715b3e3669694d560c8f661c5b39e2c5", "4d4250bf508dd07cca3b43888097f873cadb66eec6ac63dbbfb798798ec07af2", "53af2e01d7f1700ed2b64a9091bc865360c9c4032f625451c4589a826854c787", "63e498067d32d627111cd1162cae1621f1221f9d4c6a9745dd7233f29de581b6", "7169a34971e398dd58e87e173f97366fd88a3fa80852704530433eb224a8ca57", "91c54d6bb9eeaaff965656c5ea6cbdcbf780bad8462ac99b30b451548194746f", "aeef177647bb3fccfe09065481989d7dfc5ac59e9367d6a00a3481062cf651e4", "cf8ae10559a78aee0409ede1e9d4fda03895433eeafe609dd9ed67e45f552db0", "d51d0889d1c4d51c51a9822265c0494ea3e70a52bdd88358e0863daca46fa23a", "de5ccd3500247f85fe4f9fad90f80a8bd397e4f110a4c33fabf95f07403e8372", "e1d33589e32f482d0a7d1957bf473d43341115d40d33f578dad44432e47df7b7", "e8d1939262aa6b36d0c51f50a50a43a04b9618d20db31e6c0192b1463067aeef", "e918d51b1fda82a65fdf52d2f3914b2246481cc2a9cd10e223e6be6078916ff3"]
mccabe = ["ab8a6258860da4b6677da4bd2fe5dc2c659cff31b3ee4f7f5d64e79735b80d42", "dd8d182285a0fe56bace7f45b5e7d1a6ebcbf524e8f3bd87eb0f125271b8831f"]
mypy = ["2afe51527b1f6cdc4a5f34fc90473109b22bf7f21086ba3e9451857cf11489e6", "56a16df3e0abb145d8accd5dbb70eba6c4bd26e2f89042b491faa78c9635d1e2", "5764f10d27b2e93c84f70af5778941b8f4aa1379b2430f85c827e0f5464e8714", "5bbc86374f04a3aa817622f98e40375ccb28c4836f36b66706cf3c6ccce86eda", "6a9343089f6377e71e20ca734cd8e7ac25d36478a9df580efabfe9059819bf82", "6c9851bc4a23dc1d854d3f5dfd5f20a016f8da86bcdbb42687879bb5f86434b0", "b8e85956af3fcf043d6f87c91cbe8705073fc67029ba6e22d3468bfee42c4823", "b9a0af8fae490306bc112229000aa0c2ccc837b49d29a5c42e088c132a2334dd", "bbf643528e2a55df2c1587008d6e3bda5c0445f1240dfa85129af22ae16d7a9a", "c46ab3438bd21511db0f2c612d89d8344154c0c9494afc7fbc932de514cf8d15", "f7a83d6bd805855ef83ec605eb01ab4fa42bcef254b13631e451cbb44914a9b0"]
mypy-extensions = ["37e0e956f41369209a3d5f34580150bcacfabaa57b33a15c0b25f4b5725e0812", "b16cabe759f55e3409a7d231ebd2841378fb0c27a5d1994719e340e4f429ac3e"]
numpy = ["1980f8d84548d74921685f68096911585fee393975f53797614b34d4f409b6da", "22752cd809272671b273bb86df0f505f505a12368a3a5fc0aa811c7ece4dfd5c", "23cc40313036cffd5d1873ef3ce2e949bdee0646c5d6f375bf7ee4f368db2511", "2b0b118ff547fecabc247a2668f48f48b3b1f7d63676ebc5be7352a5fd9e85a5", "3a0bd1edf64f6a911427b608a894111f9fcdb25284f724016f34a84c9a3a6ea9", "3f25f6c7b0d000017e5ac55977a3999b0b1a74491eacb3c1aa716f0e01f6dcd1", "4061c79ac2230594a7419151028e808239450e676c39e58302ad296232e3c2e8", "560ceaa24f971ab37dede7ba030fc5d8fa173305d94365f814d9523ffd5d5916", "62be044cd58da2a947b7e7b2252a10b42920df9520fc3d39f5c4c70d5460b8ba", "6c692e3879dde0b67a9dc78f9bfb6f61c666b4562fd8619632d7043fb5b691b0", "6f65e37b5a331df950ef6ff03bd4136b3c0bbcf44d4b8e99135d68a537711b5a", "7a78cc4ddb253a55971115f8320a7ce28fd23a065fc33166d601f51760eecfa9", "80a41edf64a3626e729a62df7dd278474fc1726836552b67a8c6396fd7e86760", "893f4d75255f25a7b8516feb5766c6b63c54780323b9bd4bc51cdd7efc943c73", "972ea92f9c1b54cc1c1a3d8508e326c0114aaf0f34996772a30f3f52b73b942f", "9f1d4865436f794accdabadc57a8395bd3faa755449b4f65b88b7df65ae05f89", "9f4cd7832b35e736b739be03b55875706c8c3e5fe334a06210f1a61e5c2c8ca5", "adab43bf657488300d3aeeb8030d7f024fcc86e3a9b8848741ea2ea903e56610", "bd2834d496ba9b1bdda3a6cf3de4dc0d4a0e7be306335940402ec95132ad063d", "d20c0360940f30003a23c0adae2fe50a0a04f3e48dc05c298493b51fd6280197", "d3b3ed87061d2314ff3659bb73896e622252da52558f2380f12c421fbdee3d89", "dc235bf29a406dfda5790d01b998a1c01d7d37f449128c0b1b7d1c89a84fae8b", "fb3c83554f39f48f3fa3123b9c24aecf681b1c289f9334f8215c1d3c8e2f6e5b"]
pydocstyle = ["2258f9b0df68b97bf3a6c29003edc5238ff8879f1efb6f1999988d934e432bd8", "5741c85e408f9e0ddf873611085e819b809fca90b619f5fd7f34bd4959da3dd4", "ed79d4ec5e92655eccc21eb0c6cf512e69512b4a97d215ace46d17e4990f2039"]
pylint = ["5d77031694a5fb97ea95e828c8d10fc770a1df6eb3906067aaed42201a8a6a09", "723e3db49555abaf9bf79dc474c6b9e2935ad82230b10c1138a71ea41ac0fff1"]
pyparsing = ["1873c03321fc118f4e9746baf201ff990ceb915f433f23b395f5580d1840cb2a", "9b6323ef4ab914af344ba97510e966d64ba91055d6b9afa6b30799340e89cc03"]
python-dateutil = ["7e6584c74aeed623791615e26efd690f29817a27c73085b78e4bad02493df2fb", "c89805f6f4d64db21ed966fda138f8a5ed7a4fdbc1a8ee329ce1b74e3c74da9e"]
requests = ["502a824f31acdacb3a35b6690b5fbf0bc41d63a24a45c4004352b0242707598e", "7bf2a778576d825600030a110f3c0e3e8edc51dfaafe1c146e39a2027784957b"]
six = ["3350809f0555b11f552448330d0b52d5f24c91a322ea4a15ef22629740f3761c", "d16a0141ec1a18405cd4ce8b4613101da75da0e9a7aec5bdd4fa804d0e0eba73"]
snowballstemmer = ["919f26a68b2c17a7634da993d91339e288964f93c274f1343e3bbbe2096e1128", "9f3bcd3c401c3e862ec0ebe6d2c069ebc012ce142cce209c098ccb5b09136e89"]
toml = ["229f81c57791a41d65e399fc06bf0848bab550a9dfd5ed66df18ce5f05e73d5c", "235682dd292d5899d361a811df37e04a8828a5b1da3115886b73cf81ebc9100e", "f1db651f9657708513243e61e6cc67d101a39bad662eaa9b5546f789338e07a3"]
typed-ast = ["04894d268ba6eab7e093d43107869ad49e7b5ef40d1a94243ea49b352061b200", "16616ece19daddc586e499a3d2f560302c11f122b9c692bc216e821ae32aa0d0", "252fdae740964b2d3cdfb3f84dcb4d6247a48a6abe2579e8029ab3be3cdc026c", "2af80a373af123d0b9f44941a46df67ef0ff7a60f95872412a145f4500a7fc99", "2c88d0a913229a06282b285f42a31e063c3bf9071ff65c5ea4c12acb6977c6a7", "2ea99c029ebd4b5a308d915cc7fb95b8e1201d60b065450d5d26deb65d3f2bc1", "3d2e3ab175fc097d2a51c7a0d3fda442f35ebcc93bb1d7bd9b95ad893e44c04d", "4766dd695548a15ee766927bf883fb90c6ac8321be5a60c141f18628fb7f8da8", "56b6978798502ef66625a2e0f80cf923da64e328da8bbe16c1ff928c70c873de", "5cddb6f8bce14325b2863f9d5ac5c51e07b71b462361fd815d1d7706d3a9d682", "644ee788222d81555af543b70a1098f2025db38eaa99226f3a75a6854924d4db", "64cf762049fc4775efe6b27161467e76d0ba145862802a65eefc8879086fc6f8", "68c362848d9fb71d3c3e5f43c09974a0ae319144634e7a47db62f0f2a54a7fa7", "6c1f3c6f6635e611d58e467bf4371883568f0de9ccc4606f17048142dec14a1f", "b213d4a02eec4ddf622f4d2fbc539f062af3788d1f332f028a2e19c42da53f15", "bb27d4e7805a7de0e35bd0cb1411bc85f807968b2b0539597a49a23b00a622ae", "c9d414512eaa417aadae7758bc118868cd2396b0e6138c1dd4fda96679c079d3", "f0937165d1e25477b01081c4763d2d9cdc3b18af69cb259dd4f640c9b900fe5e", "fb96a6e2c11059ecf84e6741a319f93f683e440e341d4489c9b161eca251cf2a", "fc71d2d6ae56a091a8d94f33ec9d0f2001d1cb1db423d8b4355debfe9ce689b7"]
urllib3 = ["4c291ca23bbb55c76518905869ef34bdd5f0e46af7afe6861e8375643ffee1a0", "9a247273df709c4fedb38c711e44292304f73f39ab01beda9f6b9fc375669ac3"]
wrapt = ["4aea003270831cceb8a90ff27c4031da6ead7ec1886023b80ce0dfe0adf61533"]
